// !$*UTF8*$!
{
	archiveVersion = 1;
	classes = {
	};
	objectVersion = 55;
	objects = {

/* Begin PBXBuildFile section */
		8D1D2A7E27944E9400484F88 /* LayoutAndGeometryApp.swift in Sources */ = {isa = PBXBuildFile; fileRef = 8D1D2A7D27944E9400484F88 /* LayoutAndGeometryApp.swift */; };
		8D1D2A8027944E9400484F88 /* ContentView.swift in Sources */ = {isa = PBXBuildFile; fileRef = 8D1D2A7F27944E9400484F88 /* ContentView.swift */; };
		8D1D2A8227944E9500484F88 /* Assets.xcassets in Resources */ = {isa = PBXBuildFile; fileRef = 8D1D2A8127944E9500484F88 /* Assets.xcassets */; };
		8D1D2A8527944E9500484F88 /* Preview Assets.xcassets in Resources */ = {isa = PBXBuildFile; fileRef = 8D1D2A8427944E9500484F88 /* Preview Assets.xcassets */; };
		8D1D2A8C2794549600484F88 /* BasicTextAlignmentScreen.swift in Sources */ = {isa = PBXBuildFile; fileRef = 8D1D2A8B2794549600484F88 /* BasicTextAlignmentScreen.swift */; };
		8D1D2A8F2794557100484F88 /* LastBaseTextLineAlignmentScreen.swift in Sources */ = {isa = PBXBuildFile; fileRef = 8D1D2A8E2794557100484F88 /* LastBaseTextLineAlignmentScreen.swift */; };
		8D1D2A912794577500484F88 /* AlignmentGuideScreen.swift in Sources */ = {isa = PBXBuildFile; fileRef = 8D1D2A902794577500484F88 /* AlignmentGuideScreen.swift */; };
		8D1D2A9327946B2200484F88 /* TieredAlignmentScreen.swift in Sources */ = {isa = PBXBuildFile; fileRef = 8D1D2A9227946B2200484F88 /* TieredAlignmentScreen.swift */; };
		8D1D2A952794741100484F88 /* CustomAlignmentScreen.swift in Sources */ = {isa = PBXBuildFile; fileRef = 8D1D2A942794741100484F88 /* CustomAlignmentScreen.swift */; };
		8D4A721C2794FA6500E6F490 /* PositionAndOffsetScreen.swift in Sources */ = {isa = PBXBuildFile; fileRef = 8D4A721B2794FA6500E6F490 /* PositionAndOffsetScreen.swift */; };
		8D4A721E2795000400E6F490 /* GeometryReaderScreen.swift in Sources */ = {isa = PBXBuildFile; fileRef = 8D4A721D2795000400E6F490 /* GeometryReaderScreen.swift */; };
		8D4A7220279503A000E6F490 /* RotatingGeometryScreen.swift in Sources */ = {isa = PBXBuildFile; fileRef = 8D4A721F279503A000E6F490 /* RotatingGeometryScreen.swift */; };
		8D6B7FF12797931700B333FE /* HorizontalRotatingScreen.swift in Sources */ = {isa = PBXBuildFile; fileRef = 8D6B7FF02797931700B333FE /* HorizontalRotatingScreen.swift */; };
/* End PBXBuildFile section */

/* Begin PBXFileReference section */
		8D1D2A7A27944E9400484F88 /* LayoutAndGeometry.app */ = {isa = PBXFileReference; explicitFileType = wrapper.application; includeInIndex = 0; path = LayoutAndGeometry.app; sourceTree = BUILT_PRODUCTS_DIR; };
		8D1D2A7D27944E9400484F88 /* LayoutAndGeometryApp.swift */ = {isa = PBXFileReference; lastKnownFileType = sourcecode.swift; path = LayoutAndGeometryApp.swift; sourceTree = "<group>"; };
		8D1D2A7F27944E9400484F88 /* ContentView.swift */ = {isa = PBXFileReference; lastKnownFileType = sourcecode.swift; path = ContentView.swift; sourceTree = "<group>"; };
		8D1D2A8127944E9500484F88 /* Assets.xcassets */ = {isa = PBXFileReference; lastKnownFileType = folder.assetcatalog; path = Assets.xcassets; sourceTree = "<group>"; };
		8D1D2A8427944E9500484F88 /* Preview Assets.xcassets */ = {isa = PBXFileReference; lastKnownFileType = folder.assetcatalog; path = "Preview Assets.xcassets"; sourceTree = "<group>"; };
		8D1D2A8B2794549600484F88 /* BasicTextAlignmentScreen.swift */ = {isa = PBXFileReference; lastKnownFileType = sourcecode.swift; path = BasicTextAlignmentScreen.swift; sourceTree = "<group>"; };
		8D1D2A8E2794557100484F88 /* LastBaseTextLineAlignmentScreen.swift */ = {isa = PBXFileReference; lastKnownFileType = sourcecode.swift; path = LastBaseTextLineAlignmentScreen.swift; sourceTree = "<group>"; };
		8D1D2A902794577500484F88 /* AlignmentGuideScreen.swift */ = {isa = PBXFileReference; lastKnownFileType = sourcecode.swift; path = AlignmentGuideScreen.swift; sourceTree = "<group>"; };
		8D1D2A9227946B2200484F88 /* TieredAlignmentScreen.swift */ = {isa = PBXFileReference; lastKnownFileType = sourcecode.swift; path = TieredAlignmentScreen.swift; sourceTree = "<group>"; };
		8D1D2A942794741100484F88 /* CustomAlignmentScreen.swift */ = {isa = PBXFileReference; lastKnownFileType = sourcecode.swift; path = CustomAlignmentScreen.swift; sourceTree = "<group>"; };
		8D4A721B2794FA6500E6F490 /* PositionAndOffsetScreen.swift */ = {isa = PBXFileReference; lastKnownFileType = sourcecode.swift; path = PositionAndOffsetScreen.swift; sourceTree = "<group>"; };
		8D4A721D2795000400E6F490 /* GeometryReaderScreen.swift */ = {isa = PBXFileReference; lastKnownFileType = sourcecode.swift; path = GeometryReaderScreen.swift; sourceTree = "<group>"; };
		8D4A721F279503A000E6F490 /* RotatingGeometryScreen.swift */ = {isa = PBXFileReference; lastKnownFileType = sourcecode.swift; path = RotatingGeometryScreen.swift; sourceTree = "<group>"; };
		8D6B7FF02797931700B333FE /* HorizontalRotatingScreen.swift */ = {isa = PBXFileReference; lastKnownFileType = sourcecode.swift; path = HorizontalRotatingScreen.swift; sourceTree = "<group>"; };
/* End PBXFileReference section */

/* Begin PBXFrameworksBuildPhase section */
		8D1D2A7727944E9400484F88 /* Frameworks */ = {
			isa = PBXFrameworksBuildPhase;
			buildActionMask = 2147483647;
			files = (
			);
			runOnlyForDeploymentPostprocessing = 0;
		};
/* End PBXFrameworksBuildPhase section */

/* Begin PBXGroup section */
		8D1D2A7127944E9400484F88 = {
			isa = PBXGroup;
			children = (
				8D1D2A7C27944E9400484F88 /* LayoutAndGeometry */,
				8D1D2A7B27944E9400484F88 /* Products */,
			);
			sourceTree = "<group>";
		};
		8D1D2A7B27944E9400484F88 /* Products */ = {
			isa = PBXGroup;
			children = (
				8D1D2A7A27944E9400484F88 /* LayoutAndGeometry.app */,
			);
			name = Products;
			sourceTree = "<group>";
		};
		8D1D2A7C27944E9400484F88 /* LayoutAndGeometry */ = {
			isa = PBXGroup;
			children = (
				8D1D2A7D27944E9400484F88 /* LayoutAndGeometryApp.swift */,
				8D6B7FF22797933F00B333FE /* Challenge */,
				8D1D2A8D279454A700484F88 /* Day92 */,
				8D4A721A2794F81800E6F490 /* Day93 */,
				8D1D2A8127944E9500484F88 /* Assets.xcassets */,
				8D1D2A8327944E9500484F88 /* Preview Content */,
			);
			path = LayoutAndGeometry;
			sourceTree = "<group>";
		};
		8D1D2A8327944E9500484F88 /* Preview Content */ = {
			isa = PBXGroup;
			children = (
				8D1D2A8427944E9500484F88 /* Preview Assets.xcassets */,
			);
			path = "Preview Content";
			sourceTree = "<group>";
		};
		8D1D2A8D279454A700484F88 /* Day92 */ = {
			isa = PBXGroup;
			children = (
				8D1D2A8B2794549600484F88 /* BasicTextAlignmentScreen.swift */,
				8D1D2A8E2794557100484F88 /* LastBaseTextLineAlignmentScreen.swift */,
				8D1D2A902794577500484F88 /* AlignmentGuideScreen.swift */,
				8D1D2A9227946B2200484F88 /* TieredAlignmentScreen.swift */,
				8D1D2A942794741100484F88 /* CustomAlignmentScreen.swift */,
			);
			path = Day92;
			sourceTree = "<group>";
		};
		8D4A721A2794F81800E6F490 /* Day93 */ = {
			isa = PBXGroup;
			children = (
				8D4A721B2794FA6500E6F490 /* PositionAndOffsetScreen.swift */,
				8D4A721D2795000400E6F490 /* GeometryReaderScreen.swift */,
				8D4A721F279503A000E6F490 /* RotatingGeometryScreen.swift */,
				8D6B7FF02797931700B333FE /* HorizontalRotatingScreen.swift */,
			);
			path = Day93;
			sourceTree = "<group>";
		};
		8D6B7FF22797933F00B333FE /* Challenge */ = {
			isa = PBXGroup;
			children = (
				8D1D2A7F27944E9400484F88 /* ContentView.swift */,
			);
			path = Challenge;
			sourceTree = "<group>";
		};
/* End PBXGroup section */

/* Begin PBXNativeTarget section */
		8D1D2A7927944E9400484F88 /* LayoutAndGeometry */ = {
			isa = PBXNativeTarget;
			buildConfigurationList = 8D1D2A8827944E9500484F88 /* Build configuration list for PBXNativeTarget "LayoutAndGeometry" */;
			buildPhases = (
				8D1D2A7627944E9400484F88 /* Sources */,
				8D1D2A7727944E9400484F88 /* Frameworks */,
				8D1D2A7827944E9400484F88 /* Resources */,
			);
			buildRules = (
			);
			dependencies = (
			);
			name = LayoutAndGeometry;
			productName = LayoutAndGeometry;
			productReference = 8D1D2A7A27944E9400484F88 /* LayoutAndGeometry.app */;
			productType = "com.apple.product-type.application";
		};
/* End PBXNativeTarget section */

/* Begin PBXProject section */
		8D1D2A7227944E9400484F88 /* Project object */ = {
			isa = PBXProject;
			attributes = {
				BuildIndependentTargetsInParallel = 1;
				LastSwiftUpdateCheck = 1320;
				LastUpgradeCheck = 1320;
				TargetAttributes = {
					8D1D2A7927944E9400484F88 = {
						CreatedOnToolsVersion = 13.2.1;
					};
				};
			};
			buildConfigurationList = 8D1D2A7527944E9400484F88 /* Build configuration list for PBXProject "LayoutAndGeometry" */;
			compatibilityVersion = "Xcode 13.0";
			developmentRegion = en;
			hasScannedForEncodings = 0;
			knownRegions = (
				en,
				Base,
			);
			mainGroup = 8D1D2A7127944E9400484F88;
			productRefGroup = 8D1D2A7B27944E9400484F88 /* Products */;
			projectDirPath = "";
			projectRoot = "";
			targets = (
				8D1D2A7927944E9400484F88 /* LayoutAndGeometry */,
			);
		};
/* End PBXProject section */

/* Begin PBXResourcesBuildPhase section */
		8D1D2A7827944E9400484F88 /* Resources */ = {
			isa = PBXResourcesBuildPhase;
			buildActionMask = 2147483647;
			files = (
				8D1D2A8527944E9500484F88 /* Preview Assets.xcassets in Resources */,
				8D1D2A8227944E9500484F88 /* Assets.xcassets in Resources */,
			);
			runOnlyForDeploymentPostprocessing = 0;
		};
/* End PBXResourcesBuildPhase section */

/* Begin PBXSourcesBuildPhase section */
		8D1D2A7627944E9400484F88 /* Sources */ = {
			isa = PBXSourcesBuildPhase;
			buildActionMask = 2147483647;
			files = (
				8D4A721E2795000400E6F490 /* GeometryReaderScreen.swift in Sources */,
				8D4A7220279503A000E6F490 /* RotatingGeometryScreen.swift in Sources */,
				8D6B7FF12797931700B333FE /* HorizontalRotatingScreen.swift in Sources */,
				8D1D2A8027944E9400484F88 /* ContentView.swift in Sources */,
				8D1D2A912794577500484F88 /* AlignmentGuideScreen.swift in Sources */,
				8D1D2A9327946B2200484F88 /* TieredAlignmentScreen.swift in Sources */,
				8D1D2A7E27944E9400484F88 /* LayoutAndGeometryApp.swift in Sources */,
				8D1D2A8C2794549600484F88 /* BasicTextAlignmentScreen.swift in Sources */,
				8D1D2A8F2794557100484F88 /* LastBaseTextLineAlignmentScreen.swift in Sources */,
				8D1D2A952794741100484F88 /* CustomAlignmentScreen.swift in Sources */,
				8D4A721C2794FA6500E6F490 /* PositionAndOffsetScreen.swift in Sources */,
			);
			runOnlyForDeploymentPostprocessing = 0;
		};
/* End PBXSourcesBuildPhase section */

/* Begin XCBuildConfiguration section */
		8D1D2A8627944E9500484F88 /* Debug */ = {
			isa = XCBuildConfiguration;
			buildSettings = {
				ALWAYS_SEARCH_USER_PATHS = NO;
				CLANG_ANALYZER_NONNULL = YES;
				CLANG_ANALYZER_NUMBER_OBJECT_CONVERSION = YES_AGGRESSIVE;
				CLANG_CXX_LANGUAGE_STANDARD = "gnu++17";
				CLANG_CXX_LIBRARY = "libc++";
				CLANG_ENABLE_MODULES = YES;
				CLANG_ENABLE_OBJC_ARC = YES;
				CLANG_ENABLE_OBJC_WEAK = YES;
				CLANG_WARN_BLOCK_CAPTURE_AUTORELEASING = YES;
				CLANG_WARN_BOOL_CONVERSION = YES;
				CLANG_WARN_COMMA = YES;
				CLANG_WARN_CONSTANT_CONVERSION = YES;
				CLANG_WARN_DEPRECATED_OBJC_IMPLEMENTATIONS = YES;
				CLANG_WARN_DIRECT_OBJC_ISA_USAGE = YES_ERROR;
				CLANG_WARN_DOCUMENTATION_COMMENTS = YES;
				CLANG_WARN_EMPTY_BODY = YES;
				CLANG_WARN_ENUM_CONVERSION = YES;
				CLANG_WARN_INFINITE_RECURSION = YES;
				CLANG_WARN_INT_CONVERSION = YES;
				CLANG_WARN_NON_LITERAL_NULL_CONVERSION = YES;
				CLANG_WARN_OBJC_IMPLICIT_RETAIN_SELF = YES;
				CLANG_WARN_OBJC_LITERAL_CONVERSION = YES;
				CLANG_WARN_OBJC_ROOT_CLASS = YES_ERROR;
				CLANG_WARN_QUOTED_INCLUDE_IN_FRAMEWORK_HEADER = YES;
				CLANG_WARN_RANGE_LOOP_ANALYSIS = YES;
				CLANG_WARN_STRICT_PROTOTYPES = YES;
				CLANG_WARN_SUSPICIOUS_MOVE = YES;
				CLANG_WARN_UNGUARDED_AVAILABILITY = YES_AGGRESSIVE;
				CLANG_WARN_UNREACHABLE_CODE = YES;
				CLANG_WARN__DUPLICATE_METHOD_MATCH = YES;
				COPY_PHASE_STRIP = NO;
				DEBUG_INFORMATION_FORMAT = dwarf;
				ENABLE_STRICT_OBJC_MSGSEND = YES;
				ENABLE_TESTABILITY = YES;
				GCC_C_LANGUAGE_STANDARD = gnu11;
				GCC_DYNAMIC_NO_PIC = NO;
				GCC_NO_COMMON_BLOCKS = YES;
				GCC_OPTIMIZATION_LEVEL = 0;
				GCC_PREPROCESSOR_DEFINITIONS = (
					"DEBUG=1",
					"$(inherited)",
				);
				GCC_WARN_64_TO_32_BIT_CONVERSION = YES;
				GCC_WARN_ABOUT_RETURN_TYPE = YES_ERROR;
				GCC_WARN_UNDECLARED_SELECTOR = YES;
				GCC_WARN_UNINITIALIZED_AUTOS = YES_AGGRESSIVE;
				GCC_WARN_UNUSED_FUNCTION = YES;
				GCC_WARN_UNUSED_VARIABLE = YES;
				IPHONEOS_DEPLOYMENT_TARGET = 15.2;
				MTL_ENABLE_DEBUG_INFO = INCLUDE_SOURCE;
				MTL_FAST_MATH = YES;
				ONLY_ACTIVE_ARCH = YES;
				SDKROOT = iphoneos;
				SWIFT_ACTIVE_COMPILATION_CONDITIONS = DEBUG;
				SWIFT_OPTIMIZATION_LEVEL = "-Onone";
			};
			name = Debug;
		};
		8D1D2A8727944E9500484F88 /* Release */ = {
			isa = XCBuildConfiguration;
			buildSettings = {
				ALWAYS_SEARCH_USER_PATHS = NO;
				CLANG_ANALYZER_NONNULL = YES;
				CLANG_ANALYZER_NUMBER_OBJECT_CONVERSION = YES_AGGRESSIVE;
				CLANG_CXX_LANGUAGE_STANDARD = "gnu++17";
				CLANG_CXX_LIBRARY = "libc++";
				CLANG_ENABLE_MODULES = YES;
				CLANG_ENABLE_OBJC_ARC = YES;
				CLANG_ENABLE_OBJC_WEAK = YES;
				CLANG_WARN_BLOCK_CAPTURE_AUTORELEASING = YES;
				CLANG_WARN_BOOL_CONVERSION = YES;
				CLANG_WARN_COMMA = YES;
				CLANG_WARN_CONSTANT_CONVERSION = YES;
				CLANG_WARN_DEPRECATED_OBJC_IMPLEMENTATIONS = YES;
				CLANG_WARN_DIRECT_OBJC_ISA_USAGE = YES_ERROR;
				CLANG_WARN_DOCUMENTATION_COMMENTS = YES;
				CLANG_WARN_EMPTY_BODY = YES;
				CLANG_WARN_ENUM_CONVERSION = YES;
				CLANG_WARN_INFINITE_RECURSION = YES;
				CLANG_WARN_INT_CONVERSION = YES;
				CLANG_WARN_NON_LITERAL_NULL_CONVERSION = YES;
				CLANG_WARN_OBJC_IMPLICIT_RETAIN_SELF = YES;
				CLANG_WARN_OBJC_LITERAL_CONVERSION = YES;
				CLANG_WARN_OBJC_ROOT_CLASS = YES_ERROR;
				CLANG_WARN_QUOTED_INCLUDE_IN_FRAMEWORK_HEADER = YES;
				CLANG_WARN_RANGE_LOOP_ANALYSIS = YES;
				CLANG_WARN_STRICT_PROTOTYPES = YES;
				CLANG_WARN_SUSPICIOUS_MOVE = YES;
				CLANG_WARN_UNGUARDED_AVAILABILITY = YES_AGGRESSIVE;
				CLANG_WARN_UNREACHABLE_CODE = YES;
				CLANG_WARN__DUPLICATE_METHOD_MATCH = YES;
				COPY_PHASE_STRIP = NO;
				DEBUG_INFORMATION_FORMAT = "dwarf-with-dsym";
				ENABLE_NS_ASSERTIONS = NO;
				ENABLE_STRICT_OBJC_MSGSEND = YES;
				GCC_C_LANGUAGE_STANDARD = gnu11;
				GCC_NO_COMMON_BLOCKS = YES;
				GCC_WARN_64_TO_32_BIT_CONVERSION = YES;
				GCC_WARN_ABOUT_RETURN_TYPE = YES_ERROR;
				GCC_WARN_UNDECLARED_SELECTOR = YES;
				GCC_WARN_UNINITIALIZED_AUTOS = YES_AGGRESSIVE;
				GCC_WARN_UNUSED_FUNCTION = YES;
				GCC_WARN_UNUSED_VARIABLE = YES;
				IPHONEOS_DEPLOYMENT_TARGET = 15.2;
				MTL_ENABLE_DEBUG_INFO = NO;
				MTL_FAST_MATH = YES;
				SDKROOT = iphoneos;
				SWIFT_COMPILATION_MODE = wholemodule;
				SWIFT_OPTIMIZATION_LEVEL = "-O";
				VALIDATE_PRODUCT = YES;
			};
			name = Release;
		};
		8D1D2A8927944E9500484F88 /* Debug */ = {
			isa = XCBuildConfiguration;
			buildSettings = {
				ASSETCATALOG_COMPILER_APPICON_NAME = AppIcon;
				ASSETCATALOG_COMPILER_GLOBAL_ACCENT_COLOR_NAME = AccentColor;
				CODE_SIGN_STYLE = Automatic;
				CURRENT_PROJECT_VERSION = 1;
				DEVELOPMENT_ASSET_PATHS = "\"LayoutAndGeometry/Preview Content\"";
				DEVELOPMENT_TEAM = UZLGAARSJ4;
				ENABLE_PREVIEWS = YES;
				GENERATE_INFOPLIST_FILE = YES;
				INFOPLIST_KEY_UIApplicationSceneManifest_Generation = YES;
				INFOPLIST_KEY_UIApplicationSupportsIndirectInputEvents = YES;
				INFOPLIST_KEY_UILaunchScreen_Generation = YES;
				INFOPLIST_KEY_UISupportedInterfaceOrientations_iPad = "UIInterfaceOrientationPortrait UIInterfaceOrientationPortraitUpsideDown UIInterfaceOrientationLandscapeLeft UIInterfaceOrientationLandscapeRight";
				INFOPLIST_KEY_UISupportedInterfaceOrientations_iPhone = "UIInterfaceOrientationPortrait UIInterfaceOrientationLandscapeLeft UIInterfaceOrientationLandscapeRight";
				LD_RUNPATH_SEARCH_PATHS = (
					"$(inherited)",
					"@executable_path/Frameworks",
				);
				MARKETING_VERSION = 1.0;
				PRODUCT_BUNDLE_IDENTIFIER = com.HoolioMediaInc.LayoutAndGeometry;
				PRODUCT_NAME = "$(TARGET_NAME)";
				SWIFT_EMIT_LOC_STRINGS = YES;
				SWIFT_VERSION = 5.0;
				TARGETED_DEVICE_FAMILY = "1,2";
			};
			name = Debug;
		};
		8D1D2A8A27944E9500484F88 /* Release */ = {
			isa = XCBuildConfiguration;
			buildSettings = {
				ASSETCATALOG_COMPILER_APPICON_NAME = AppIcon;
				ASSETCATALOG_COMPILER_GLOBAL_ACCENT_COLOR_NAME = AccentColor;
				CODE_SIGN_STYLE = Automatic;
				CURRENT_PROJECT_VERSION = 1;
				DEVELOPMENT_ASSET_PATHS = "\"LayoutAndGeometry/Preview Content\"";
				DEVELOPMENT_TEAM = UZLGAARSJ4;
				ENABLE_PREVIEWS = YES;
				GENERATE_INFOPLIST_FILE = YES;
				INFOPLIST_KEY_UIApplicationSceneManifest_Generation = YES;
				INFOPLIST_KEY_UIApplicationSupportsIndirectInputEvents = YES;
				INFOPLIST_KEY_UILaunchScreen_Generation = YES;
				INFOPLIST_KEY_UISupportedInterfaceOrientations_iPad = "UIInterfaceOrientationPortrait UIInterfaceOrientationPortraitUpsideDown UIInterfaceOrientationLandscapeLeft UIInterfaceOrientationLandscapeRight";
				INFOPLIST_KEY_UISupportedInterfaceOrientations_iPhone = "UIInterfaceOrientationPortrait UIInterfaceOrientationLandscapeLeft UIInterfaceOrientationLandscapeRight";
				LD_RUNPATH_SEARCH_PATHS = (
					"$(inherited)",
					"@executable_path/Frameworks",
				);
				MARKETING_VERSION = 1.0;
				PRODUCT_BUNDLE_IDENTIFIER = com.HoolioMediaInc.LayoutAndGeometry;
				PRODUCT_NAME = "$(TARGET_NAME)";
				SWIFT_EMIT_LOC_STRINGS = YES;
				SWIFT_VERSION = 5.0;
				TARGETED_DEVICE_FAMILY = "1,2";
			};
			name = Release;
		};
/* End XCBuildConfiguration section */

/* Begin XCConfigurationList section */
		8D1D2A7527944E9400484F88 /* Build configuration list for PBXProject "LayoutAndGeometry" */ = {
			isa = XCConfigurationList;
			buildConfigurations = (
				8D1D2A8627944E9500484F88 /* Debug */,
				8D1D2A8727944E9500484F88 /* Release */,
			);
			defaultConfigurationIsVisible = 0;
			defaultConfigurationName = Release;
		};
		8D1D2A8827944E9500484F88 /* Build configuration list for PBXNativeTarget "LayoutAndGeometry" */ = {
			isa = XCConfigurationList;
			buildConfigurations = (
				8D1D2A8927944E9500484F88 /* Debug */,
				8D1D2A8A27944E9500484F88 /* Release */,
			);
			defaultConfigurationIsVisible = 0;
			defaultConfigurationName = Release;
		};
/* End XCConfigurationList section */
	};
	rootObject = 8D1D2A7227944E9400484F88 /* Project object */;
}
